// !$*UTF8*$!
{
	archiveVersion = 1;
	classes = {
	};
	objectVersion = 45;
	objects = {

/* Begin PBXBuildFile section */
		B000549B0BCFEE240046ACE5 /* apr_atomic.c in Sources */ = {isa = PBXBuildFile; fileRef = B00051840BCFEE230046ACE5 /* apr_atomic.c */; };
		B00054AA0BCFEE240046ACE5 /* dso.c in Sources */ = {isa = PBXBuildFile; fileRef = B00051E50BCFEE230046ACE5 /* dso.c */; };
		B00054D60BCFEE240046ACE5 /* copy.c in Sources */ = {isa = PBXBuildFile; fileRef = B00052190BCFEE230046ACE5 /* copy.c */; };
		B00054D80BCFEE240046ACE5 /* dir.c in Sources */ = {isa = PBXBuildFile; fileRef = B000521C0BCFEE230046ACE5 /* dir.c */; };
		B00054DA0BCFEE240046ACE5 /* fileacc.c in Sources */ = {isa = PBXBuildFile; fileRef = B000521F0BCFEE230046ACE5 /* fileacc.c */; };
		B00054DC0BCFEE240046ACE5 /* filedup.c in Sources */ = {isa = PBXBuildFile; fileRef = B00052220BCFEE230046ACE5 /* filedup.c */; };
		B00054DE0BCFEE240046ACE5 /* filepath.c in Sources */ = {isa = PBXBuildFile; fileRef = B00052250BCFEE230046ACE5 /* filepath.c */; };
		B00054E00BCFEE240046ACE5 /* filepath_util.c in Sources */ = {isa = PBXBuildFile; fileRef = B00052280BCFEE230046ACE5 /* filepath_util.c */; };
		B00054E20BCFEE240046ACE5 /* filestat.c in Sources */ = {isa = PBXBuildFile; fileRef = B000522B0BCFEE230046ACE5 /* filestat.c */; };
		B00054E40BCFEE240046ACE5 /* flock.c in Sources */ = {isa = PBXBuildFile; fileRef = B000522E0BCFEE230046ACE5 /* flock.c */; };
		B00054E60BCFEE240046ACE5 /* fullrw.c in Sources */ = {isa = PBXBuildFile; fileRef = B00052310BCFEE230046ACE5 /* fullrw.c */; };
		B00054E80BCFEE240046ACE5 /* mktemp.c in Sources */ = {isa = PBXBuildFile; fileRef = B00052340BCFEE230046ACE5 /* mktemp.c */; };
		B00054EA0BCFEE240046ACE5 /* open.c in Sources */ = {isa = PBXBuildFile; fileRef = B00052370BCFEE230046ACE5 /* open.c */; };
		B00054EC0BCFEE240046ACE5 /* pipe.c in Sources */ = {isa = PBXBuildFile; fileRef = B000523A0BCFEE230046ACE5 /* pipe.c */; };
		B00054EE0BCFEE240046ACE5 /* readwrite.c in Sources */ = {isa = PBXBuildFile; fileRef = B000523D0BCFEE230046ACE5 /* readwrite.c */; };
		B00054F00BCFEE240046ACE5 /* seek.c in Sources */ = {isa = PBXBuildFile; fileRef = B00052400BCFEE230046ACE5 /* seek.c */; };
		B00054F20BCFEE240046ACE5 /* tempdir.c in Sources */ = {isa = PBXBuildFile; fileRef = B00052430BCFEE230046ACE5 /* tempdir.c */; };
		B000556F0BCFEE240046ACE5 /* global_mutex.c in Sources */ = {isa = PBXBuildFile; fileRef = B00052EE0BCFEE230046ACE5 /* global_mutex.c */; };
		B00055710BCFEE240046ACE5 /* proc_mutex.c in Sources */ = {isa = PBXBuildFile; fileRef = B00052F10BCFEE230046ACE5 /* proc_mutex.c */; };
		B00055730BCFEE240046ACE5 /* thread_cond.c in Sources */ = {isa = PBXBuildFile; fileRef = B00052F40BCFEE230046ACE5 /* thread_cond.c */; };
		B00055750BCFEE240046ACE5 /* thread_mutex.c in Sources */ = {isa = PBXBuildFile; fileRef = B00052F70BCFEE230046ACE5 /* thread_mutex.c */; };
		B00055770BCFEE240046ACE5 /* thread_rwlock.c in Sources */ = {isa = PBXBuildFile; fileRef = B00052FA0BCFEE230046ACE5 /* thread_rwlock.c */; };
		B000557F0BCFEE240046ACE5 /* apr_pools.c in Sources */ = {isa = PBXBuildFile; fileRef = B00053080BCFEE230046ACE5 /* apr_pools.c */; };
		B000558D0BCFEE240046ACE5 /* charset.c in Sources */ = {isa = PBXBuildFile; fileRef = B000531D0BCFEE230046ACE5 /* charset.c */; };
		B000558F0BCFEE240046ACE5 /* env.c in Sources */ = {isa = PBXBuildFile; fileRef = B00053200BCFEE230046ACE5 /* env.c */; };
		B00055910BCFEE240046ACE5 /* errorcodes.c in Sources */ = {isa = PBXBuildFile; fileRef = B00053230BCFEE230046ACE5 /* errorcodes.c */; };
		B00055930BCFEE240046ACE5 /* getopt.c in Sources */ = {isa = PBXBuildFile; fileRef = B00053260BCFEE230046ACE5 /* getopt.c */; };
		B00055950BCFEE240046ACE5 /* otherchild.c in Sources */ = {isa = PBXBuildFile; fileRef = B00053290BCFEE230046ACE5 /* otherchild.c */; };
		B00055970BCFEE240046ACE5 /* rand.c in Sources */ = {isa = PBXBuildFile; fileRef = B000532C0BCFEE230046ACE5 /* rand.c */; };
		B000559A0BCFEE240046ACE5 /* start.c in Sources */ = {isa = PBXBuildFile; fileRef = B00053300BCFEE230046ACE5 /* start.c */; };
		B000559C0BCFEE240046ACE5 /* version.c in Sources */ = {isa = PBXBuildFile; fileRef = B00053330BCFEE230046ACE5 /* version.c */; };
		B00055A80BCFEE240046ACE5 /* common.c in Sources */ = {isa = PBXBuildFile; fileRef = B00053440BCFEE230046ACE5 /* common.c */; };
		B00055AA0BCFEE240046ACE5 /* mmap.c in Sources */ = {isa = PBXBuildFile; fileRef = B00053470BCFEE230046ACE5 /* mmap.c */; };
		B00055BE0BCFEE240046ACE5 /* inet_ntop.c in Sources */ = {isa = PBXBuildFile; fileRef = B00053620BCFEE230046ACE5 /* inet_ntop.c */; };
		B00055C00BCFEE240046ACE5 /* inet_pton.c in Sources */ = {isa = PBXBuildFile; fileRef = B00053650BCFEE230046ACE5 /* inet_pton.c */; };
		B00055C20BCFEE240046ACE5 /* multicast.c in Sources */ = {isa = PBXBuildFile; fileRef = B00053680BCFEE230046ACE5 /* multicast.c */; };
		B00055C40BCFEE240046ACE5 /* sendrecv.c in Sources */ = {isa = PBXBuildFile; fileRef = B000536B0BCFEE230046ACE5 /* sendrecv.c */; };
		B00055C60BCFEE240046ACE5 /* sockaddr.c in Sources */ = {isa = PBXBuildFile; fileRef = B000536E0BCFEE230046ACE5 /* sockaddr.c */; };
		B00055C80BCFEE240046ACE5 /* sockets.c in Sources */ = {isa = PBXBuildFile; fileRef = B00053710BCFEE230046ACE5 /* sockets.c */; };
		B00055CA0BCFEE240046ACE5 /* sockopt.c in Sources */ = {isa = PBXBuildFile; fileRef = B00053740BCFEE230046ACE5 /* sockopt.c */; };
		B00055D00BCFEE240046ACE5 /* apr_getpass.c in Sources */ = {isa = PBXBuildFile; fileRef = B00053810BCFEE230046ACE5 /* apr_getpass.c */; };
		B00055D90BCFEE240046ACE5 /* epoll.c in Sources */ = {isa = PBXBuildFile; fileRef = B000538F0BCFEE230046ACE5 /* epoll.c */; };
		B00055DB0BCFEE240046ACE5 /* kqueue.c in Sources */ = {isa = PBXBuildFile; fileRef = B00053920BCFEE230046ACE5 /* kqueue.c */; };
		B00055DD0BCFEE240046ACE5 /* poll.c in Sources */ = {isa = PBXBuildFile; fileRef = B00053950BCFEE230046ACE5 /* poll.c */; };
		B00055DF0BCFEE240046ACE5 /* port.c in Sources */ = {isa = PBXBuildFile; fileRef = B00053980BCFEE230046ACE5 /* port.c */; };
		B00055E10BCFEE240046ACE5 /* select.c in Sources */ = {isa = PBXBuildFile; fileRef = B000539B0BCFEE230046ACE5 /* select.c */; };
		B00055E60BCFEE240046ACE5 /* apr_random.c in Sources */ = {isa = PBXBuildFile; fileRef = B00053A40BCFEE230046ACE5 /* apr_random.c */; };
		B00055E80BCFEE240046ACE5 /* sha2.c in Sources */ = {isa = PBXBuildFile; fileRef = B00053A70BCFEE230046ACE5 /* sha2.c */; };
		B00055EB0BCFEE240046ACE5 /* sha2_glue.c in Sources */ = {isa = PBXBuildFile; fileRef = B00053AB0BCFEE230046ACE5 /* sha2_glue.c */; };
		B00055F00BCFEE240046ACE5 /* shm.c in Sources */ = {isa = PBXBuildFile; fileRef = B00053B80BCFEE230046ACE5 /* shm.c */; };
		B00055F90BCFEE240046ACE5 /* apr_cpystrn.c in Sources */ = {isa = PBXBuildFile; fileRef = B00053C50BCFEE230046ACE5 /* apr_cpystrn.c */; };
		B00055FB0BCFEE240046ACE5 /* apr_fnmatch.c in Sources */ = {isa = PBXBuildFile; fileRef = B00053C80BCFEE230046ACE5 /* apr_fnmatch.c */; };
		B00055FD0BCFEE240046ACE5 /* apr_snprintf.c in Sources */ = {isa = PBXBuildFile; fileRef = B00053CB0BCFEE230046ACE5 /* apr_snprintf.c */; };
		B00055FF0BCFEE240046ACE5 /* apr_strings.c in Sources */ = {isa = PBXBuildFile; fileRef = B00053CE0BCFEE230046ACE5 /* apr_strings.c */; };
		B00056010BCFEE240046ACE5 /* apr_strnatcmp.c in Sources */ = {isa = PBXBuildFile; fileRef = B00053D10BCFEE230046ACE5 /* apr_strnatcmp.c */; };
		B00056030BCFEE240046ACE5 /* apr_strtok.c in Sources */ = {isa = PBXBuildFile; fileRef = B00053D40BCFEE230046ACE5 /* apr_strtok.c */; };
		B00056060BCFEE240046ACE5 /* waitio.c in Sources */ = {isa = PBXBuildFile; fileRef = B00053DB0BCFEE230046ACE5 /* waitio.c */; };
		B000560A0BCFEE240046ACE5 /* apr_hash.c in Sources */ = {isa = PBXBuildFile; fileRef = B00053E20BCFEE230046ACE5 /* apr_hash.c */; };
		B000560C0BCFEE240046ACE5 /* apr_tables.c in Sources */ = {isa = PBXBuildFile; fileRef = B00053E50BCFEE230046ACE5 /* apr_tables.c */; };
		B00056660BCFEE240046ACE5 /* proc.c in Sources */ = {isa = PBXBuildFile; fileRef = B000545F0BCFEE230046ACE5 /* proc.c */; };
		B00056680BCFEE240046ACE5 /* procsup.c in Sources */ = {isa = PBXBuildFile; fileRef = B00054620BCFEE230046ACE5 /* procsup.c */; };
		B000566A0BCFEE240046ACE5 /* signals.c in Sources */ = {isa = PBXBuildFile; fileRef = B00054650BCFEE230046ACE5 /* signals.c */; };
		B000566C0BCFEE240046ACE5 /* thread.c in Sources */ = {isa = PBXBuildFile; fileRef = B00054680BCFEE230046ACE5 /* thread.c */; };
		B000566E0BCFEE240046ACE5 /* threadpriv.c in Sources */ = {isa = PBXBuildFile; fileRef = B000546B0BCFEE230046ACE5 /* threadpriv.c */; };
		B00056760BCFEE240046ACE5 /* time.c in Sources */ = {isa = PBXBuildFile; fileRef = B00054780BCFEE230046ACE5 /* time.c */; };
		B00056780BCFEE240046ACE5 /* timestr.c in Sources */ = {isa = PBXBuildFile; fileRef = B000547B0BCFEE230046ACE5 /* timestr.c */; };
		B00056810BCFEE240046ACE5 /* groupinfo.c in Sources */ = {isa = PBXBuildFile; fileRef = B000548A0BCFEE240046ACE5 /* groupinfo.c */; };
		B00056830BCFEE240046ACE5 /* userinfo.c in Sources */ = {isa = PBXBuildFile; fileRef = B000548D0BCFEE240046ACE5 /* userinfo.c */; };
		B0BFAB7A0BCFF87300251D1F /* apr_proc_mutex.h in Headers */ = {isa = PBXBuildFile; fileRef = B0BFAB450BCFF87200251D1F /* apr_proc_mutex.h */; };
		B0BFAB7B0BCFF87300251D1F /* sha2.h in Headers */ = {isa = PBXBuildFile; fileRef = B0BFAB460BCFF87200251D1F /* sha2.h */; };
		B0BFAB7C0BCFF87300251D1F /* apr_hash.h in Headers */ = {isa = PBXBuildFile; fileRef = B0BFAB470BCFF87200251D1F /* apr_hash.h */; };
		B0BFAB7D0BCFF87300251D1F /* apr_arch_networkio.h in Headers */ = {isa = PBXBuildFile; fileRef = B0BFAB480BCFF87200251D1F /* apr_arch_networkio.h */; };
		B0BFAB7E0BCFF87300251D1F /* apr_network_io.h in Headers */ = {isa = PBXBuildFile; fileRef = B0BFAB490BCFF87200251D1F /* apr_network_io.h */; };
		B0BFAB7F0BCFF87300251D1F /* apr_arch_inherit.h in Headers */ = {isa = PBXBuildFile; fileRef = B0BFAB4A0BCFF87200251D1F /* apr_arch_inherit.h */; };
		B0BFAB800BCFF87300251D1F /* apr_thread_proc.h in Headers */ = {isa = PBXBuildFile; fileRef = B0BFAB4B0BCFF87200251D1F /* apr_thread_proc.h */; };
		B0BFAB810BCFF87300251D1F /* apr_getopt.h in Headers */ = {isa = PBXBuildFile; fileRef = B0BFAB4C0BCFF87200251D1F /* apr_getopt.h */; };
		B0BFAB820BCFF87300251D1F /* apr_thread_rwlock.h in Headers */ = {isa = PBXBuildFile; fileRef = B0BFAB4D0BCFF87200251D1F /* apr_thread_rwlock.h */; };
		B0BFAB830BCFF87300251D1F /* apr_version.h in Headers */ = {isa = PBXBuildFile; fileRef = B0BFAB4E0BCFF87200251D1F /* apr_version.h */; };
		B0BFAB840BCFF87300251D1F /* apr_thread_cond.h in Headers */ = {isa = PBXBuildFile; fileRef = B0BFAB4F0BCFF87200251D1F /* apr_thread_cond.h */; };
		B0BFAB850BCFF87300251D1F /* apr_file_info.h in Headers */ = {isa = PBXBuildFile; fileRef = B0BFAB500BCFF87200251D1F /* apr_file_info.h */; };
		B0BFAB860BCFF87300251D1F /* apr.h in Headers */ = {isa = PBXBuildFile; fileRef = B0BFAB510BCFF87200251D1F /* apr.h */; };
		B0BFAB870BCFF87300251D1F /* apr_atomic.h in Headers */ = {isa = PBXBuildFile; fileRef = B0BFAB520BCFF87200251D1F /* apr_atomic.h */; };
		B0BFAB880BCFF87300251D1F /* apr_fnmatch.h in Headers */ = {isa = PBXBuildFile; fileRef = B0BFAB530BCFF87200251D1F /* apr_fnmatch.h */; };
		B0BFAB890BCFF87300251D1F /* apr_arch_proc_mutex.h in Headers */ = {isa = PBXBuildFile; fileRef = B0BFAB540BCFF87200251D1F /* apr_arch_proc_mutex.h */; };
		B0BFAB8A0BCFF87300251D1F /* apr_inherit.h in Headers */ = {isa = PBXBuildFile; fileRef = B0BFAB550BCFF87200251D1F /* apr_inherit.h */; };
		B0BFAB8B0BCFF87300251D1F /* apr_strings.h in Headers */ = {isa = PBXBuildFile; fileRef = B0BFAB560BCFF87200251D1F /* apr_strings.h */; };
		B0BFAB8C0BCFF87300251D1F /* apr_private_common.h in Headers */ = {isa = PBXBuildFile; fileRef = B0BFAB570BCFF87200251D1F /* apr_private_common.h */; };
		B0BFAB8D0BCFF87300251D1F /* apr_signal.h in Headers */ = {isa = PBXBuildFile; fileRef = B0BFAB580BCFF87200251D1F /* apr_signal.h */; };
		B0BFAB8E0BCFF87300251D1F /* apr_random.h in Headers */ = {isa = PBXBuildFile; fileRef = B0BFAB590BCFF87200251D1F /* apr_random.h */; };
		B0BFAB8F0BCFF87300251D1F /* apr_arch_global_mutex.h in Headers */ = {isa = PBXBuildFile; fileRef = B0BFAB5A0BCFF87200251D1F /* apr_arch_global_mutex.h */; };
		B0BFAB900BCFF87300251D1F /* apr_file_io.h in Headers */ = {isa = PBXBuildFile; fileRef = B0BFAB5B0BCFF87200251D1F /* apr_file_io.h */; };
		B0BFAB910BCFF87300251D1F /* apr_poll.h in Headers */ = {isa = PBXBuildFile; fileRef = B0BFAB5C0BCFF87200251D1F /* apr_poll.h */; };
		B0BFAB920BCFF87300251D1F /* apr_errno.h in Headers */ = {isa = PBXBuildFile; fileRef = B0BFAB5D0BCFF87200251D1F /* apr_errno.h */; };
		B0BFAB930BCFF87300251D1F /* apr_dso.h in Headers */ = {isa = PBXBuildFile; fileRef = B0BFAB5E0BCFF87200251D1F /* apr_dso.h */; };
		B0BFAB940BCFF87300251D1F /* apr_portable.h in Headers */ = {isa = PBXBuildFile; fileRef = B0BFAB5F0BCFF87200251D1F /* apr_portable.h */; };
		B0BFAB950BCFF87300251D1F /* apr_allocator.h in Headers */ = {isa = PBXBuildFile; fileRef = B0BFAB600BCFF87200251D1F /* apr_allocator.h */; };
		B0BFAB960BCFF87300251D1F /* apr_time.h in Headers */ = {isa = PBXBuildFile; fileRef = B0BFAB610BCFF87200251D1F /* apr_time.h */; };
		B0BFAB970BCFF87300251D1F /* apr_arch_threadproc.h in Headers */ = {isa = PBXBuildFile; fileRef = B0BFAB620BCFF87200251D1F /* apr_arch_threadproc.h */; };
		B0BFAB980BCFF87300251D1F /* apr_lib.h in Headers */ = {isa = PBXBuildFile; fileRef = B0BFAB630BCFF87200251D1F /* apr_lib.h */; };
		B0BFAB990BCFF87300251D1F /* apr_user.h in Headers */ = {isa = PBXBuildFile; fileRef = B0BFAB640BCFF87200251D1F /* apr_user.h */; };
		B0BFAB9A0BCFF87300251D1F /* apr_arch_misc.h in Headers */ = {isa = PBXBuildFile; fileRef = B0BFAB650BCFF87200251D1F /* apr_arch_misc.h */; };
		B0BFAB9B0BCFF87300251D1F /* apr_private.h in Headers */ = {isa = PBXBuildFile; fileRef = B0BFAB660BCFF87200251D1F /* apr_private.h */; };
		B0BFAB9C0BCFF87300251D1F /* apr_env.h in Headers */ = {isa = PBXBuildFile; fileRef = B0BFAB670BCFF87200251D1F /* apr_env.h */; };
		B0BFAB9D0BCFF87300251D1F /* apr_arch_thread_mutex.h in Headers */ = {isa = PBXBuildFile; fileRef = B0BFAB680BCFF87200251D1F /* apr_arch_thread_mutex.h */; };
		B0BFAB9E0BCFF87300251D1F /* apr_shm.h in Headers */ = {isa = PBXBuildFile; fileRef = B0BFAB690BCFF87200251D1F /* apr_shm.h */; };
		B0BFAB9F0BCFF87300251D1F /* apr_general.h in Headers */ = {isa = PBXBuildFile; fileRef = B0BFAB6A0BCFF87200251D1F /* apr_general.h */; };
		B0BFABA00BCFF87300251D1F /* apr_support.h in Headers */ = {isa = PBXBuildFile; fileRef = B0BFAB6B0BCFF87200251D1F /* apr_support.h */; };
		B0BFABA10BCFF87300251D1F /* apr_thread_mutex.h in Headers */ = {isa = PBXBuildFile; fileRef = B0BFAB6C0BCFF87200251D1F /* apr_thread_mutex.h */; };
		B0BFABA20BCFF87300251D1F /* apr_pools.h in Headers */ = {isa = PBXBuildFile; fileRef = B0BFAB6D0BCFF87200251D1F /* apr_pools.h */; };
		B0BFABA30BCFF87300251D1F /* apr_arch_thread_rwlock.h in Headers */ = {isa = PBXBuildFile; fileRef = B0BFAB6E0BCFF87200251D1F /* apr_arch_thread_rwlock.h */; };
		B0BFABA40BCFF87300251D1F /* apr_tables.h in Headers */ = {isa = PBXBuildFile; fileRef = B0BFAB6F0BCFF87200251D1F /* apr_tables.h */; };
		B0BFABA50BCFF87300251D1F /* apr_global_mutex.h in Headers */ = {isa = PBXBuildFile; fileRef = B0BFAB700BCFF87200251D1F /* apr_global_mutex.h */; };
		B0BFABA60BCFF87300251D1F /* apr_arch_shm.h in Headers */ = {isa = PBXBuildFile; fileRef = B0BFAB710BCFF87200251D1F /* apr_arch_shm.h */; };
		B0BFABA70BCFF87300251D1F /* apr_arch_file_io.h in Headers */ = {isa = PBXBuildFile; fileRef = B0BFAB720BCFF87200251D1F /* apr_arch_file_io.h */; };
		B0BFABA80BCFF87300251D1F /* apr_mmap.h in Headers */ = {isa = PBXBuildFile; fileRef = B0BFAB730BCFF87200251D1F /* apr_mmap.h */; };
		B0BFABA90BCFF87300251D1F /* apr_want.h in Headers */ = {isa = PBXBuildFile; fileRef = B0BFAB740BCFF87200251D1F /* apr_want.h */; };
		B0BFABAA0BCFF87300251D1F /* apr_arch_dso.h in Headers */ = {isa = PBXBuildFile; fileRef = B0BFAB750BCFF87200251D1F /* apr_arch_dso.h */; };
		B0BFABAB0BCFF87300251D1F /* apr_arch_poll_private.h in Headers */ = {isa = PBXBuildFile; fileRef = B0BFAB760BCFF87200251D1F /* apr_arch_poll_private.h */; };
		B0BFABAC0BCFF87300251D1F /* apr_arch_thread_cond.h in Headers */ = {isa = PBXBuildFile; fileRef = B0BFAB770BCFF87200251D1F /* apr_arch_thread_cond.h */; };
		B0BFABAD0BCFF87300251D1F /* apr_ring.h in Headers */ = {isa = PBXBuildFile; fileRef = B0BFAB780BCFF87200251D1F /* apr_ring.h */; };
		B0BFABAE0BCFF87300251D1F /* apr_arch_internal_time.h in Headers */ = {isa = PBXBuildFile; fileRef = B0BFAB790BCFF87200251D1F /* apr_arch_internal_time.h */; };
/* End PBXBuildFile section */

/* Begin PBXFileReference section */
		B00051840BCFEE230046ACE5 /* apr_atomic.c */ = {isa = PBXFileReference; fileEncoding = 30; lastKnownFileType = sourcecode.c.c; name = apr_atomic.c; path = atomic/unix/apr_atomic.c; sourceTree = "<group>"; };
		B00051E50BCFEE230046ACE5 /* dso.c */ = {isa = PBXFileReference; fileEncoding = 30; lastKnownFileType = sourcecode.c.c; name = dso.c; path = dso/unix/dso.c; sourceTree = "<group>"; };
		B00052190BCFEE230046ACE5 /* copy.c */ = {isa = PBXFileReference; fileEncoding = 30; lastKnownFileType = sourcecode.c.c; name = copy.c; path = file_io/unix/copy.c; sourceTree = "<group>"; };
		B000521C0BCFEE230046ACE5 /* dir.c */ = {isa = PBXFileReference; fileEncoding = 30; lastKnownFileType = sourcecode.c.c; name = dir.c; path = file_io/unix/dir.c; sourceTree = "<group>"; };
		B000521F0BCFEE230046ACE5 /* fileacc.c */ = {isa = PBXFileReference; fileEncoding = 30; lastKnownFileType = sourcecode.c.c; name = fileacc.c; path = file_io/unix/fileacc.c; sourceTree = "<group>"; };
		B00052220BCFEE230046ACE5 /* filedup.c */ = {isa = PBXFileReference; fileEncoding = 30; lastKnownFileType = sourcecode.c.c; name = filedup.c; path = file_io/unix/filedup.c; sourceTree = "<group>"; };
		B00052250BCFEE230046ACE5 /* filepath.c */ = {isa = PBXFileReference; fileEncoding = 30; lastKnownFileType = sourcecode.c.c; name = filepath.c; path = file_io/unix/filepath.c; sourceTree = "<group>"; };
		B00052280BCFEE230046ACE5 /* filepath_util.c */ = {isa = PBXFileReference; fileEncoding = 30; lastKnownFileType = sourcecode.c.c; name = filepath_util.c; path = file_io/unix/filepath_util.c; sourceTree = "<group>"; };
		B000522B0BCFEE230046ACE5 /* filestat.c */ = {isa = PBXFileReference; fileEncoding = 30; lastKnownFileType = sourcecode.c.c; name = filestat.c; path = file_io/unix/filestat.c; sourceTree = "<group>"; };
		B000522E0BCFEE230046ACE5 /* flock.c */ = {isa = PBXFileReference; fileEncoding = 30; lastKnownFileType = sourcecode.c.c; name = flock.c; path = file_io/unix/flock.c; sourceTree = "<group>"; };
		B00052310BCFEE230046ACE5 /* fullrw.c */ = {isa = PBXFileReference; fileEncoding = 30; lastKnownFileType = sourcecode.c.c; name = fullrw.c; path = file_io/unix/fullrw.c; sourceTree = "<group>"; };
		B00052340BCFEE230046ACE5 /* mktemp.c */ = {isa = PBXFileReference; fileEncoding = 30; lastKnownFileType = sourcecode.c.c; name = mktemp.c; path = file_io/unix/mktemp.c; sourceTree = "<group>"; };
		B00052370BCFEE230046ACE5 /* open.c */ = {isa = PBXFileReference; fileEncoding = 30; lastKnownFileType = sourcecode.c.c; name = open.c; path = file_io/unix/open.c; sourceTree = "<group>"; };
		B000523A0BCFEE230046ACE5 /* pipe.c */ = {isa = PBXFileReference; fileEncoding = 30; lastKnownFileType = sourcecode.c.c; name = pipe.c; path = file_io/unix/pipe.c; sourceTree = "<group>"; };
		B000523D0BCFEE230046ACE5 /* readwrite.c */ = {isa = PBXFileReference; fileEncoding = 30; lastKnownFileType = sourcecode.c.c; name = readwrite.c; path = file_io/unix/readwrite.c; sourceTree = "<group>"; };
		B00052400BCFEE230046ACE5 /* seek.c */ = {isa = PBXFileReference; fileEncoding = 30; lastKnownFileType = sourcecode.c.c; name = seek.c; path = file_io/unix/seek.c; sourceTree = "<group>"; };
		B00052430BCFEE230046ACE5 /* tempdir.c */ = {isa = PBXFileReference; fileEncoding = 30; lastKnownFileType = sourcecode.c.c; name = tempdir.c; path = file_io/unix/tempdir.c; sourceTree = "<group>"; };
		B00052EE0BCFEE230046ACE5 /* global_mutex.c */ = {isa = PBXFileReference; fileEncoding = 30; lastKnownFileType = sourcecode.c.c; name = global_mutex.c; path = locks/unix/global_mutex.c; sourceTree = "<group>"; };
		B00052F10BCFEE230046ACE5 /* proc_mutex.c */ = {isa = PBXFileReference; fileEncoding = 30; lastKnownFileType = sourcecode.c.c; name = proc_mutex.c; path = locks/unix/proc_mutex.c; sourceTree = "<group>"; };
		B00052F40BCFEE230046ACE5 /* thread_cond.c */ = {isa = PBXFileReference; fileEncoding = 30; lastKnownFileType = sourcecode.c.c; name = thread_cond.c; path = locks/unix/thread_cond.c; sourceTree = "<group>"; };
		B00052F70BCFEE230046ACE5 /* thread_mutex.c */ = {isa = PBXFileReference; fileEncoding = 30; lastKnownFileType = sourcecode.c.c; name = thread_mutex.c; path = locks/unix/thread_mutex.c; sourceTree = "<group>"; };
		B00052FA0BCFEE230046ACE5 /* thread_rwlock.c */ = {isa = PBXFileReference; fileEncoding = 30; lastKnownFileType = sourcecode.c.c; name = thread_rwlock.c; path = locks/unix/thread_rwlock.c; sourceTree = "<group>"; };
		B00053080BCFEE230046ACE5 /* apr_pools.c */ = {isa = PBXFileReference; fileEncoding = 30; lastKnownFileType = sourcecode.c.c; name = apr_pools.c; path = memory/unix/apr_pools.c; sourceTree = "<group>"; };
		B000531D0BCFEE230046ACE5 /* charset.c */ = {isa = PBXFileReference; fileEncoding = 30; lastKnownFileType = sourcecode.c.c; name = charset.c; path = misc/unix/charset.c; sourceTree = "<group>"; };
		B00053200BCFEE230046ACE5 /* env.c */ = {isa = PBXFileReference; fileEncoding = 30; lastKnownFileType = sourcecode.c.c; name = env.c; path = misc/unix/env.c; sourceTree = "<group>"; };
		B00053230BCFEE230046ACE5 /* errorcodes.c */ = {isa = PBXFileReference; fileEncoding = 30; lastKnownFileType = sourcecode.c.c; name = errorcodes.c; path = misc/unix/errorcodes.c; sourceTree = "<group>"; };
		B00053260BCFEE230046ACE5 /* getopt.c */ = {isa = PBXFileReference; fileEncoding = 30; lastKnownFileType = sourcecode.c.c; name = getopt.c; path = misc/unix/getopt.c; sourceTree = "<group>"; };
		B00053290BCFEE230046ACE5 /* otherchild.c */ = {isa = PBXFileReference; fileEncoding = 30; lastKnownFileType = sourcecode.c.c; name = otherchild.c; path = misc/unix/otherchild.c; sourceTree = "<group>"; };
		B000532C0BCFEE230046ACE5 /* rand.c */ = {isa = PBXFileReference; fileEncoding = 30; lastKnownFileType = sourcecode.c.c; name = rand.c; path = misc/unix/rand.c; sourceTree = "<group>"; };
		B00053300BCFEE230046ACE5 /* start.c */ = {isa = PBXFileReference; fileEncoding = 30; lastKnownFileType = sourcecode.c.c; name = start.c; path = misc/unix/start.c; sourceTree = "<group>"; };
		B00053330BCFEE230046ACE5 /* version.c */ = {isa = PBXFileReference; fileEncoding = 30; lastKnownFileType = sourcecode.c.c; name = version.c; path = misc/unix/version.c; sourceTree = "<group>"; };
		B00053440BCFEE230046ACE5 /* common.c */ = {isa = PBXFileReference; fileEncoding = 30; lastKnownFileType = sourcecode.c.c; name = common.c; path = mmap/unix/common.c; sourceTree = "<group>"; };
		B00053470BCFEE230046ACE5 /* mmap.c */ = {isa = PBXFileReference; fileEncoding = 30; lastKnownFileType = sourcecode.c.c; name = mmap.c; path = mmap/unix/mmap.c; sourceTree = "<group>"; };
		B00053620BCFEE230046ACE5 /* inet_ntop.c */ = {isa = PBXFileReference; fileEncoding = 30; lastKnownFileType = sourcecode.c.c; name = inet_ntop.c; path = network_io/unix/inet_ntop.c; sourceTree = "<group>"; };
		B00053650BCFEE230046ACE5 /* inet_pton.c */ = {isa = PBXFileReference; fileEncoding = 30; lastKnownFileType = sourcecode.c.c; name = inet_pton.c; path = network_io/unix/inet_pton.c; sourceTree = "<group>"; };
		B00053680BCFEE230046ACE5 /* multicast.c */ = {isa = PBXFileReference; fileEncoding = 30; lastKnownFileType = sourcecode.c.c; name = multicast.c; path = network_io/unix/multicast.c; sourceTree = "<group>"; };
		B000536B0BCFEE230046ACE5 /* sendrecv.c */ = {isa = PBXFileReference; fileEncoding = 30; lastKnownFileType = sourcecode.c.c; name = sendrecv.c; path = network_io/unix/sendrecv.c; sourceTree = "<group>"; };
		B000536E0BCFEE230046ACE5 /* sockaddr.c */ = {isa = PBXFileReference; fileEncoding = 30; lastKnownFileType = sourcecode.c.c; name = sockaddr.c; path = network_io/unix/sockaddr.c; sourceTree = "<group>"; };
		B00053710BCFEE230046ACE5 /* sockets.c */ = {isa = PBXFileReference; fileEncoding = 30; lastKnownFileType = sourcecode.c.c; name = sockets.c; path = network_io/unix/sockets.c; sourceTree = "<group>"; };
		B00053740BCFEE230046ACE5 /* sockopt.c */ = {isa = PBXFileReference; fileEncoding = 30; lastKnownFileType = sourcecode.c.c; name = sockopt.c; path = network_io/unix/sockopt.c; sourceTree = "<group>"; };
		B00053810BCFEE230046ACE5 /* apr_getpass.c */ = {isa = PBXFileReference; fileEncoding = 30; lastKnownFileType = sourcecode.c.c; name = apr_getpass.c; path = passwd/apr_getpass.c; sourceTree = "<group>"; };
		B000538F0BCFEE230046ACE5 /* epoll.c */ = {isa = PBXFileReference; fileEncoding = 30; lastKnownFileType = sourcecode.c.c; name = epoll.c; path = poll/unix/epoll.c; sourceTree = "<group>"; };
		B00053920BCFEE230046ACE5 /* kqueue.c */ = {isa = PBXFileReference; fileEncoding = 30; lastKnownFileType = sourcecode.c.c; name = kqueue.c; path = poll/unix/kqueue.c; sourceTree = "<group>"; };
		B00053950BCFEE230046ACE5 /* poll.c */ = {isa = PBXFileReference; fileEncoding = 30; lastKnownFileType = sourcecode.c.c; name = poll.c; path = poll/unix/poll.c; sourceTree = "<group>"; };
		B00053980BCFEE230046ACE5 /* port.c */ = {isa = PBXFileReference; fileEncoding = 30; lastKnownFileType = sourcecode.c.c; name = port.c; path = poll/unix/port.c; sourceTree = "<group>"; };
		B000539B0BCFEE230046ACE5 /* select.c */ = {isa = PBXFileReference; fileEncoding = 30; lastKnownFileType = sourcecode.c.c; name = select.c; path = poll/unix/select.c; sourceTree = "<group>"; };
		B00053A40BCFEE230046ACE5 /* apr_random.c */ = {isa = PBXFileReference; fileEncoding = 30; lastKnownFileType = sourcecode.c.c; name = apr_random.c; path = random/unix/apr_random.c; sourceTree = "<group>"; };
		B00053A70BCFEE230046ACE5 /* sha2.c */ = {isa = PBXFileReference; fileEncoding = 30; lastKnownFileType = sourcecode.c.c; name = sha2.c; path = random/unix/sha2.c; sourceTree = "<group>"; };
		B00053AB0BCFEE230046ACE5 /* sha2_glue.c */ = {isa = PBXFileReference; fileEncoding = 30; lastKnownFileType = sourcecode.c.c; name = sha2_glue.c; path = random/unix/sha2_glue.c; sourceTree = "<group>"; };
		B00053B80BCFEE230046ACE5 /* shm.c */ = {isa = PBXFileReference; fileEncoding = 30; lastKnownFileType = sourcecode.c.c; name = shm.c; path = shmem/unix/shm.c; sourceTree = "<group>"; };
		B00053C50BCFEE230046ACE5 /* apr_cpystrn.c */ = {isa = PBXFileReference; fileEncoding = 30; lastKnownFileType = sourcecode.c.c; name = apr_cpystrn.c; path = strings/apr_cpystrn.c; sourceTree = "<group>"; };
		B00053C80BCFEE230046ACE5 /* apr_fnmatch.c */ = {isa = PBXFileReference; fileEncoding = 30; lastKnownFileType = sourcecode.c.c; name = apr_fnmatch.c; path = strings/apr_fnmatch.c; sourceTree = "<group>"; };
		B00053CB0BCFEE230046ACE5 /* apr_snprintf.c */ = {isa = PBXFileReference; fileEncoding = 30; lastKnownFileType = sourcecode.c.c; name = apr_snprintf.c; path = strings/apr_snprintf.c; sourceTree = "<group>"; };
		B00053CE0BCFEE230046ACE5 /* apr_strings.c */ = {isa = PBXFileReference; fileEncoding = 30; lastKnownFileType = sourcecode.c.c; name = apr_strings.c; path = strings/apr_strings.c; sourceTree = "<group>"; };
		B00053D10BCFEE230046ACE5 /* apr_strnatcmp.c */ = {isa = PBXFileReference; fileEncoding = 30; lastKnownFileType = sourcecode.c.c; name = apr_strnatcmp.c; path = strings/apr_strnatcmp.c; sourceTree = "<group>"; };
		B00053D40BCFEE230046ACE5 /* apr_strtok.c */ = {isa = PBXFileReference; fileEncoding = 30; lastKnownFileType = sourcecode.c.c; name = apr_strtok.c; path = strings/apr_strtok.c; sourceTree = "<group>"; };
		B00053DB0BCFEE230046ACE5 /* waitio.c */ = {isa = PBXFileReference; fileEncoding = 30; lastKnownFileType = sourcecode.c.c; name = waitio.c; path = support/unix/waitio.c; sourceTree = "<group>"; };
		B00053E20BCFEE230046ACE5 /* apr_hash.c */ = {isa = PBXFileReference; fileEncoding = 30; lastKnownFileType = sourcecode.c.c; name = apr_hash.c; path = tables/apr_hash.c; sourceTree = "<group>"; };
		B00053E50BCFEE230046ACE5 /* apr_tables.c */ = {isa = PBXFileReference; fileEncoding = 30; lastKnownFileType = sourcecode.c.c; name = apr_tables.c; path = tables/apr_tables.c; sourceTree = "<group>"; };
		B000545F0BCFEE230046ACE5 /* proc.c */ = {isa = PBXFileReference; fileEncoding = 30; lastKnownFileType = sourcecode.c.c; name = proc.c; path = threadproc/unix/proc.c; sourceTree = "<group>"; };
		B00054620BCFEE230046ACE5 /* procsup.c */ = {isa = PBXFileReference; fileEncoding = 30; lastKnownFileType = sourcecode.c.c; name = procsup.c; path = threadproc/unix/procsup.c; sourceTree = "<group>"; };
		B00054650BCFEE230046ACE5 /* signals.c */ = {isa = PBXFileReference; fileEncoding = 30; lastKnownFileType = sourcecode.c.c; name = signals.c; path = threadproc/unix/signals.c; sourceTree = "<group>"; };
		B00054680BCFEE230046ACE5 /* thread.c */ = {isa = PBXFileReference; fileEncoding = 30; lastKnownFileType = sourcecode.c.c; name = thread.c; path = threadproc/unix/thread.c; sourceTree = "<group>"; };
		B000546B0BCFEE230046ACE5 /* threadpriv.c */ = {isa = PBXFileReference; fileEncoding = 30; lastKnownFileType = sourcecode.c.c; name = threadpriv.c; path = threadproc/unix/threadpriv.c; sourceTree = "<group>"; };
		B00054780BCFEE230046ACE5 /* time.c */ = {isa = PBXFileReference; fileEncoding = 30; lastKnownFileType = sourcecode.c.c; name = time.c; path = time/unix/time.c; sourceTree = "<group>"; };
		B000547B0BCFEE230046ACE5 /* timestr.c */ = {isa = PBXFileReference; fileEncoding = 30; lastKnownFileType = sourcecode.c.c; name = timestr.c; path = time/unix/timestr.c; sourceTree = "<group>"; };
		B000548A0BCFEE240046ACE5 /* groupinfo.c */ = {isa = PBXFileReference; fileEncoding = 30; lastKnownFileType = sourcecode.c.c; name = groupinfo.c; path = user/unix/groupinfo.c; sourceTree = "<group>"; };
		B000548D0BCFEE240046ACE5 /* userinfo.c */ = {isa = PBXFileReference; fileEncoding = 30; lastKnownFileType = sourcecode.c.c; name = userinfo.c; path = user/unix/userinfo.c; sourceTree = "<group>"; };
		B0BFAB450BCFF87200251D1F /* apr_proc_mutex.h */ = {isa = PBXFileReference; fileEncoding = 30; lastKnownFileType = sourcecode.c.h; name = apr_proc_mutex.h; path = include/apr_proc_mutex.h; sourceTree = SOURCE_ROOT; };
		B0BFAB460BCFF87200251D1F /* sha2.h */ = {isa = PBXFileReference; fileEncoding = 30; lastKnownFileType = sourcecode.c.h; name = sha2.h; path = random/unix/sha2.h; sourceTree = SOURCE_ROOT; };
		B0BFAB470BCFF87200251D1F /* apr_hash.h */ = {isa = PBXFileReference; fileEncoding = 30; lastKnownFileType = sourcecode.c.h; name = apr_hash.h; path = include/apr_hash.h; sourceTree = SOURCE_ROOT; };
		B0BFAB480BCFF87200251D1F /* apr_arch_networkio.h */ = {isa = PBXFileReference; fileEncoding = 30; lastKnownFileType = sourcecode.c.h; name = apr_arch_networkio.h; path = include/arch/unix/apr_arch_networkio.h; sourceTree = SOURCE_ROOT; };
		B0BFAB490BCFF87200251D1F /* apr_network_io.h */ = {isa = PBXFileReference; fileEncoding = 30; lastKnownFileType = sourcecode.c.h; name = apr_network_io.h; path = include/apr_network_io.h; sourceTree = SOURCE_ROOT; };
		B0BFAB4A0BCFF87200251D1F /* apr_arch_inherit.h */ = {isa = PBXFileReference; fileEncoding = 30; lastKnownFileType = sourcecode.c.h; name = apr_arch_inherit.h; path = include/arch/unix/apr_arch_inherit.h; sourceTree = SOURCE_ROOT; };
		B0BFAB4B0BCFF87200251D1F /* apr_thread_proc.h */ = {isa = PBXFileReference; fileEncoding = 30; lastKnownFileType = sourcecode.c.h; name = apr_thread_proc.h; path = include/apr_thread_proc.h; sourceTree = SOURCE_ROOT; };
		B0BFAB4C0BCFF87200251D1F /* apr_getopt.h */ = {isa = PBXFileReference; fileEncoding = 30; lastKnownFileType = sourcecode.c.h; name = apr_getopt.h; path = include/apr_getopt.h; sourceTree = SOURCE_ROOT; };
		B0BFAB4D0BCFF87200251D1F /* apr_thread_rwlock.h */ = {isa = PBXFileReference; fileEncoding = 30; lastKnownFileType = sourcecode.c.h; name = apr_thread_rwlock.h; path = include/apr_thread_rwlock.h; sourceTree = SOURCE_ROOT; };
		B0BFAB4E0BCFF87200251D1F /* apr_version.h */ = {isa = PBXFileReference; fileEncoding = 30; lastKnownFileType = sourcecode.c.h; name = apr_version.h; path = include/apr_version.h; sourceTree = SOURCE_ROOT; };
		B0BFAB4F0BCFF87200251D1F /* apr_thread_cond.h */ = {isa = PBXFileReference; fileEncoding = 30; lastKnownFileType = sourcecode.c.h; name = apr_thread_cond.h; path = include/apr_thread_cond.h; sourceTree = SOURCE_ROOT; };
		B0BFAB500BCFF87200251D1F /* apr_file_info.h */ = {isa = PBXFileReference; fileEncoding = 30; lastKnownFileType = sourcecode.c.h; name = apr_file_info.h; path = include/apr_file_info.h; sourceTree = SOURCE_ROOT; };
		B0BFAB510BCFF87200251D1F /* apr.h */ = {isa = PBXFileReference; fileEncoding = 30; lastKnownFileType = sourcecode.c.h; name = apr.h; path = include/apr.h; sourceTree = SOURCE_ROOT; };
		B0BFAB520BCFF87200251D1F /* apr_atomic.h */ = {isa = PBXFileReference; fileEncoding = 30; lastKnownFileType = sourcecode.c.h; name = apr_atomic.h; path = include/apr_atomic.h; sourceTree = SOURCE_ROOT; };
		B0BFAB530BCFF87200251D1F /* apr_fnmatch.h */ = {isa = PBXFileReference; fileEncoding = 30; lastKnownFileType = sourcecode.c.h; name = apr_fnmatch.h; path = include/apr_fnmatch.h; sourceTree = SOURCE_ROOT; };
		B0BFAB540BCFF87200251D1F /* apr_arch_proc_mutex.h */ = {isa = PBXFileReference; fileEncoding = 30; lastKnownFileType = sourcecode.c.h; name = apr_arch_proc_mutex.h; path = include/arch/unix/apr_arch_proc_mutex.h; sourceTree = SOURCE_ROOT; };
		B0BFAB550BCFF87200251D1F /* apr_inherit.h */ = {isa = PBXFileReference; fileEncoding = 30; lastKnownFileType = sourcecode.c.h; name = apr_inherit.h; path = include/apr_inherit.h; sourceTree = SOURCE_ROOT; };
		B0BFAB560BCFF87200251D1F /* apr_strings.h */ = {isa = PBXFileReference; fileEncoding = 30; lastKnownFileType = sourcecode.c.h; name = apr_strings.h; path = include/apr_strings.h; sourceTree = SOURCE_ROOT; };
		B0BFAB570BCFF87200251D1F /* apr_private_common.h */ = {isa = PBXFileReference; fileEncoding = 30; lastKnownFileType = sourcecode.c.h; name = apr_private_common.h; path = include/arch/apr_private_common.h; sourceTree = SOURCE_ROOT; };
		B0BFAB580BCFF87200251D1F /* apr_signal.h */ = {isa = PBXFileReference; fileEncoding = 30; lastKnownFileType = sourcecode.c.h; name = apr_signal.h; path = include/apr_signal.h; sourceTree = SOURCE_ROOT; };
		B0BFAB590BCFF87200251D1F /* apr_random.h */ = {isa = PBXFileReference; fileEncoding = 30; lastKnownFileType = sourcecode.c.h; name = apr_random.h; path = include/apr_random.h; sourceTree = SOURCE_ROOT; };
		B0BFAB5A0BCFF87200251D1F /* apr_arch_global_mutex.h */ = {isa = PBXFileReference; fileEncoding = 30; lastKnownFileType = sourcecode.c.h; name = apr_arch_global_mutex.h; path = include/arch/unix/apr_arch_global_mutex.h; sourceTree = SOURCE_ROOT; };
		B0BFAB5B0BCFF87200251D1F /* apr_file_io.h */ = {isa = PBXFileReference; fileEncoding = 30; lastKnownFileType = sourcecode.c.h; name = apr_file_io.h; path = include/apr_file_io.h; sourceTree = SOURCE_ROOT; };
		B0BFAB5C0BCFF87200251D1F /* apr_poll.h */ = {isa = PBXFileReference; fileEncoding = 30; lastKnownFileType = sourcecode.c.h; name = apr_poll.h; path = include/apr_poll.h; sourceTree = SOURCE_ROOT; };
		B0BFAB5D0BCFF87200251D1F /* apr_errno.h */ = {isa = PBXFileReference; fileEncoding = 30; lastKnownFileType = sourcecode.c.h; name = apr_errno.h; path = include/apr_errno.h; sourceTree = SOURCE_ROOT; };
		B0BFAB5E0BCFF87200251D1F /* apr_dso.h */ = {isa = PBXFileReference; fileEncoding = 30; lastKnownFileType = sourcecode.c.h; name = apr_dso.h; path = include/apr_dso.h; sourceTree = SOURCE_ROOT; };
		B0BFAB5F0BCFF87200251D1F /* apr_portable.h */ = {isa = PBXFileReference; fileEncoding = 30; lastKnownFileType = sourcecode.c.h; name = apr_portable.h; path = include/apr_portable.h; sourceTree = SOURCE_ROOT; };
		B0BFAB600BCFF87200251D1F /* apr_allocator.h */ = {isa = PBXFileReference; fileEncoding = 30; lastKnownFileType = sourcecode.c.h; name = apr_allocator.h; path = include/apr_allocator.h; sourceTree = SOURCE_ROOT; };
		B0BFAB610BCFF87200251D1F /* apr_time.h */ = {isa = PBXFileReference; fileEncoding = 30; lastKnownFileType = sourcecode.c.h; name = apr_time.h; path = include/apr_time.h; sourceTree = SOURCE_ROOT; };
		B0BFAB620BCFF87200251D1F /* apr_arch_threadproc.h */ = {isa = PBXFileReference; fileEncoding = 30; lastKnownFileType = sourcecode.c.h; name = apr_arch_threadproc.h; path = include/arch/unix/apr_arch_threadproc.h; sourceTree = SOURCE_ROOT; };
		B0BFAB630BCFF87200251D1F /* apr_lib.h */ = {isa = PBXFileReference; fileEncoding = 30; lastKnownFileType = sourcecode.c.h; name = apr_lib.h; path = include/apr_lib.h; sourceTree = SOURCE_ROOT; };
		B0BFAB640BCFF87200251D1F /* apr_user.h */ = {isa = PBXFileReference; fileEncoding = 30; lastKnownFileType = sourcecode.c.h; name = apr_user.h; path = include/apr_user.h; sourceTree = SOURCE_ROOT; };
		B0BFAB650BCFF87200251D1F /* apr_arch_misc.h */ = {isa = PBXFileReference; fileEncoding = 30; lastKnownFileType = sourcecode.c.h; name = apr_arch_misc.h; path = include/arch/unix/apr_arch_misc.h; sourceTree = SOURCE_ROOT; };
		B0BFAB660BCFF87200251D1F /* apr_private.h */ = {isa = PBXFileReference; fileEncoding = 30; lastKnownFileType = sourcecode.c.h; name = apr_private.h; path = include/arch/unix/apr_private.h; sourceTree = SOURCE_ROOT; };
		B0BFAB670BCFF87200251D1F /* apr_env.h */ = {isa = PBXFileReference; fileEncoding = 30; lastKnownFileType = sourcecode.c.h; name = apr_env.h; path = include/apr_env.h; sourceTree = SOURCE_ROOT; };
		B0BFAB680BCFF87200251D1F /* apr_arch_thread_mutex.h */ = {isa = PBXFileReference; fileEncoding = 30; lastKnownFileType = sourcecode.c.h; name = apr_arch_thread_mutex.h; path = include/arch/unix/apr_arch_thread_mutex.h; sourceTree = SOURCE_ROOT; };
		B0BFAB690BCFF87200251D1F /* apr_shm.h */ = {isa = PBXFileReference; fileEncoding = 30; lastKnownFileType = sourcecode.c.h; name = apr_shm.h; path = include/apr_shm.h; sourceTree = SOURCE_ROOT; };
		B0BFAB6A0BCFF87200251D1F /* apr_general.h */ = {isa = PBXFileReference; fileEncoding = 30; lastKnownFileType = sourcecode.c.h; name = apr_general.h; path = include/apr_general.h; sourceTree = SOURCE_ROOT; };
		B0BFAB6B0BCFF87200251D1F /* apr_support.h */ = {isa = PBXFileReference; fileEncoding = 30; lastKnownFileType = sourcecode.c.h; name = apr_support.h; path = include/apr_support.h; sourceTree = SOURCE_ROOT; };
		B0BFAB6C0BCFF87200251D1F /* apr_thread_mutex.h */ = {isa = PBXFileReference; fileEncoding = 30; lastKnownFileType = sourcecode.c.h; name = apr_thread_mutex.h; path = include/apr_thread_mutex.h; sourceTree = SOURCE_ROOT; };
		B0BFAB6D0BCFF87200251D1F /* apr_pools.h */ = {isa = PBXFileReference; fileEncoding = 30; lastKnownFileType = sourcecode.c.h; name = apr_pools.h; path = include/apr_pools.h; sourceTree = SOURCE_ROOT; };
		B0BFAB6E0BCFF87200251D1F /* apr_arch_thread_rwlock.h */ = {isa = PBXFileReference; fileEncoding = 30; lastKnownFileType = sourcecode.c.h; name = apr_arch_thread_rwlock.h; path = include/arch/unix/apr_arch_thread_rwlock.h; sourceTree = SOURCE_ROOT; };
		B0BFAB6F0BCFF87200251D1F /* apr_tables.h */ = {isa = PBXFileReference; fileEncoding = 30; lastKnownFileType = sourcecode.c.h; name = apr_tables.h; path = include/apr_tables.h; sourceTree = SOURCE_ROOT; };
		B0BFAB700BCFF87200251D1F /* apr_global_mutex.h */ = {isa = PBXFileReference; fileEncoding = 30; lastKnownFileType = sourcecode.c.h; name = apr_global_mutex.h; path = include/apr_global_mutex.h; sourceTree = SOURCE_ROOT; };
		B0BFAB710BCFF87200251D1F /* apr_arch_shm.h */ = {isa = PBXFileReference; fileEncoding = 30; lastKnownFileType = sourcecode.c.h; name = apr_arch_shm.h; path = include/arch/unix/apr_arch_shm.h; sourceTree = SOURCE_ROOT; };
		B0BFAB720BCFF87200251D1F /* apr_arch_file_io.h */ = {isa = PBXFileReference; fileEncoding = 30; lastKnownFileType = sourcecode.c.h; name = apr_arch_file_io.h; path = include/arch/unix/apr_arch_file_io.h; sourceTree = SOURCE_ROOT; };
		B0BFAB730BCFF87200251D1F /* apr_mmap.h */ = {isa = PBXFileReference; fileEncoding = 30; lastKnownFileType = sourcecode.c.h; name = apr_mmap.h; path = include/apr_mmap.h; sourceTree = SOURCE_ROOT; };
		B0BFAB740BCFF87200251D1F /* apr_want.h */ = {isa = PBXFileReference; fileEncoding = 30; lastKnownFileType = sourcecode.c.h; name = apr_want.h; path = include/apr_want.h; sourceTree = SOURCE_ROOT; };
		B0BFAB750BCFF87200251D1F /* apr_arch_dso.h */ = {isa = PBXFileReference; fileEncoding = 30; lastKnownFileType = sourcecode.c.h; name = apr_arch_dso.h; path = include/arch/unix/apr_arch_dso.h; sourceTree = SOURCE_ROOT; };
		B0BFAB760BCFF87200251D1F /* apr_arch_poll_private.h */ = {isa = PBXFileReference; fileEncoding = 30; lastKnownFileType = sourcecode.c.h; name = apr_arch_poll_private.h; path = include/arch/unix/apr_arch_poll_private.h; sourceTree = SOURCE_ROOT; };
		B0BFAB770BCFF87200251D1F /* apr_arch_thread_cond.h */ = {isa = PBXFileReference; fileEncoding = 30; lastKnownFileType = sourcecode.c.h; name = apr_arch_thread_cond.h; path = include/arch/unix/apr_arch_thread_cond.h; sourceTree = SOURCE_ROOT; };
		B0BFAB780BCFF87200251D1F /* apr_ring.h */ = {isa = PBXFileReference; fileEncoding = 30; lastKnownFileType = sourcecode.c.h; name = apr_ring.h; path = include/apr_ring.h; sourceTree = SOURCE_ROOT; };
		B0BFAB790BCFF87200251D1F /* apr_arch_internal_time.h */ = {isa = PBXFileReference; fileEncoding = 30; lastKnownFileType = sourcecode.c.h; name = apr_arch_internal_time.h; path = include/arch/unix/apr_arch_internal_time.h; sourceTree = SOURCE_ROOT; };
		D2AAC046055464E500DB518D /* libapr-1.2.12.a */ = {isa = PBXFileReference; explicitFileType = archive.ar; includeInIndex = 0; path = "libapr-1.2.12.a"; sourceTree = BUILT_PRODUCTS_DIR; };
		D720CB920D9813D0003AE8EC /* MacConfigExternalDebug.xcconfig */ = {isa = PBXFileReference; fileEncoding = 4; lastKnownFileType = text.xcconfig; name = MacConfigExternalDebug.xcconfig; path = ../MacConfigExternalDebug.xcconfig; sourceTree = SOURCE_ROOT; };
		D720CB930D9813D0003AE8EC /* MacConfigExternalRelease.xcconfig */ = {isa = PBXFileReference; fileEncoding = 4; lastKnownFileType = text.xcconfig; name = MacConfigExternalRelease.xcconfig; path = ../MacConfigExternalRelease.xcconfig; sourceTree = SOURCE_ROOT; };
/* End PBXFileReference section */

/* Begin PBXFrameworksBuildPhase section */
		D289987405E68DCB004EDB86 /* Frameworks */ = {
			isa = PBXFrameworksBuildPhase;
			buildActionMask = 2147483647;
			files = (
			);
			runOnlyForDeploymentPostprocessing = 0;
		};
/* End PBXFrameworksBuildPhase section */

/* Begin PBXGroup section */
		08FB7794FE84155DC02AAC07 /* apr-1.2.12 */ = {
			isa = PBXGroup;
			children = (
				D720CB920D9813D0003AE8EC /* MacConfigExternalDebug.xcconfig */,
				D720CB930D9813D0003AE8EC /* MacConfigExternalRelease.xcconfig */,
				08FB7795FE84155DC02AAC07 /* Source */,
				C6A0FF2B0290797F04C91782 /* Documentation */,
				1AB674ADFE9D54B511CA2CBB /* Products */,
			);
			name = "apr-1.2.12";
			sourceTree = "<group>";
		};
		08FB7795FE84155DC02AAC07 /* Source */ = {
			isa = PBXGroup;
			children = (
				B0BFAB450BCFF87200251D1F /* apr_proc_mutex.h */,
				B0BFAB460BCFF87200251D1F /* sha2.h */,
				B0BFAB470BCFF87200251D1F /* apr_hash.h */,
				B0BFAB480BCFF87200251D1F /* apr_arch_networkio.h */,
				B0BFAB490BCFF87200251D1F /* apr_network_io.h */,
				B0BFAB4A0BCFF87200251D1F /* apr_arch_inherit.h */,
				B0BFAB4B0BCFF87200251D1F /* apr_thread_proc.h */,
				B0BFAB4C0BCFF87200251D1F /* apr_getopt.h */,
				B0BFAB4D0BCFF87200251D1F /* apr_thread_rwlock.h */,
				B0BFAB4E0BCFF87200251D1F /* apr_version.h */,
				B0BFAB4F0BCFF87200251D1F /* apr_thread_cond.h */,
				B0BFAB500BCFF87200251D1F /* apr_file_info.h */,
				B0BFAB510BCFF87200251D1F /* apr.h */,
				B0BFAB520BCFF87200251D1F /* apr_atomic.h */,
				B0BFAB530BCFF87200251D1F /* apr_fnmatch.h */,
				B0BFAB540BCFF87200251D1F /* apr_arch_proc_mutex.h */,
				B0BFAB550BCFF87200251D1F /* apr_inherit.h */,
				B0BFAB560BCFF87200251D1F /* apr_strings.h */,
				B0BFAB570BCFF87200251D1F /* apr_private_common.h */,
				B0BFAB580BCFF87200251D1F /* apr_signal.h */,
				B0BFAB590BCFF87200251D1F /* apr_random.h */,
				B0BFAB5A0BCFF87200251D1F /* apr_arch_global_mutex.h */,
				B0BFAB5B0BCFF87200251D1F /* apr_file_io.h */,
				B0BFAB5C0BCFF87200251D1F /* apr_poll.h */,
				B0BFAB5D0BCFF87200251D1F /* apr_errno.h */,
				B0BFAB5E0BCFF87200251D1F /* apr_dso.h */,
				B0BFAB5F0BCFF87200251D1F /* apr_portable.h */,
				B0BFAB600BCFF87200251D1F /* apr_allocator.h */,
				B0BFAB610BCFF87200251D1F /* apr_time.h */,
				B0BFAB620BCFF87200251D1F /* apr_arch_threadproc.h */,
				B0BFAB630BCFF87200251D1F /* apr_lib.h */,
				B0BFAB640BCFF87200251D1F /* apr_user.h */,
				B0BFAB650BCFF87200251D1F /* apr_arch_misc.h */,
				B0BFAB660BCFF87200251D1F /* apr_private.h */,
				B0BFAB670BCFF87200251D1F /* apr_env.h */,
				B0BFAB680BCFF87200251D1F /* apr_arch_thread_mutex.h */,
				B0BFAB690BCFF87200251D1F /* apr_shm.h */,
				B0BFAB6A0BCFF87200251D1F /* apr_general.h */,
				B0BFAB6B0BCFF87200251D1F /* apr_support.h */,
				B0BFAB6C0BCFF87200251D1F /* apr_thread_mutex.h */,
				B0BFAB6D0BCFF87200251D1F /* apr_pools.h */,
				B0BFAB6E0BCFF87200251D1F /* apr_arch_thread_rwlock.h */,
				B0BFAB6F0BCFF87200251D1F /* apr_tables.h */,
				B0BFAB700BCFF87200251D1F /* apr_global_mutex.h */,
				B0BFAB710BCFF87200251D1F /* apr_arch_shm.h */,
				B0BFAB720BCFF87200251D1F /* apr_arch_file_io.h */,
				B0BFAB730BCFF87200251D1F /* apr_mmap.h */,
				B0BFAB740BCFF87200251D1F /* apr_want.h */,
				B0BFAB750BCFF87200251D1F /* apr_arch_dso.h */,
				B0BFAB760BCFF87200251D1F /* apr_arch_poll_private.h */,
				B0BFAB770BCFF87200251D1F /* apr_arch_thread_cond.h */,
				B0BFAB780BCFF87200251D1F /* apr_ring.h */,
				B0BFAB790BCFF87200251D1F /* apr_arch_internal_time.h */,
				B00052FA0BCFEE230046ACE5 /* thread_rwlock.c */,
				B00052F40BCFEE230046ACE5 /* thread_cond.c */,
				B00051E50BCFEE230046ACE5 /* dso.c */,
				B00053680BCFEE230046ACE5 /* multicast.c */,
				B00053470BCFEE230046ACE5 /* mmap.c */,
				B00052250BCFEE230046ACE5 /* filepath.c */,
				B000548A0BCFEE240046ACE5 /* groupinfo.c */,
				B00053650BCFEE230046ACE5 /* inet_pton.c */,
				B000538F0BCFEE230046ACE5 /* epoll.c */,
				B00053920BCFEE230046ACE5 /* kqueue.c */,
				B00053300BCFEE230046ACE5 /* start.c */,
				B00052400BCFEE230046ACE5 /* seek.c */,
				B00053740BCFEE230046ACE5 /* sockopt.c */,
				B00053710BCFEE230046ACE5 /* sockets.c */,
				B00053C50BCFEE230046ACE5 /* apr_cpystrn.c */,
				B000521C0BCFEE230046ACE5 /* dir.c */,
				B00053A70BCFEE230046ACE5 /* sha2.c */,
				B000545F0BCFEE230046ACE5 /* proc.c */,
				B000547B0BCFEE230046ACE5 /* timestr.c */,
				B000532C0BCFEE230046ACE5 /* rand.c */,
				B00052F70BCFEE230046ACE5 /* thread_mutex.c */,
				B00053CB0BCFEE230046ACE5 /* apr_snprintf.c */,
				B00052370BCFEE230046ACE5 /* open.c */,
				B00054650BCFEE230046ACE5 /* signals.c */,
				B000536E0BCFEE230046ACE5 /* sockaddr.c */,
				B00053CE0BCFEE230046ACE5 /* apr_strings.c */,
				B00052EE0BCFEE230046ACE5 /* global_mutex.c */,
				B00053260BCFEE230046ACE5 /* getopt.c */,
				B00052310BCFEE230046ACE5 /* fullrw.c */,
				B00054680BCFEE230046ACE5 /* thread.c */,
				B00052340BCFEE230046ACE5 /* mktemp.c */,
				B00054620BCFEE230046ACE5 /* procsup.c */,
				B00052190BCFEE230046ACE5 /* copy.c */,
				B00053AB0BCFEE230046ACE5 /* sha2_glue.c */,
				B00052280BCFEE230046ACE5 /* filepath_util.c */,
				B00053810BCFEE230046ACE5 /* apr_getpass.c */,
				B000521F0BCFEE230046ACE5 /* fileacc.c */,
				B00054780BCFEE230046ACE5 /* time.c */,
				B000548D0BCFEE240046ACE5 /* userinfo.c */,
				B00053D10BCFEE230046ACE5 /* apr_strnatcmp.c */,
				B00053200BCFEE230046ACE5 /* env.c */,
				B00052430BCFEE230046ACE5 /* tempdir.c */,
				B00053E20BCFEE230046ACE5 /* apr_hash.c */,
				B000536B0BCFEE230046ACE5 /* sendrecv.c */,
				B00053B80BCFEE230046ACE5 /* shm.c */,
				B00053E50BCFEE230046ACE5 /* apr_tables.c */,
				B00053A40BCFEE230046ACE5 /* apr_random.c */,
				B00053440BCFEE230046ACE5 /* common.c */,
				B00053290BCFEE230046ACE5 /* otherchild.c */,
				B00053230BCFEE230046ACE5 /* errorcodes.c */,
				B00051840BCFEE230046ACE5 /* apr_atomic.c */,
				B000539B0BCFEE230046ACE5 /* select.c */,
				B00053330BCFEE230046ACE5 /* version.c */,
				B000531D0BCFEE230046ACE5 /* charset.c */,
				B00053950BCFEE230046ACE5 /* poll.c */,
				B000522B0BCFEE230046ACE5 /* filestat.c */,
				B000546B0BCFEE230046ACE5 /* threadpriv.c */,
				B000522E0BCFEE230046ACE5 /* flock.c */,
				B000523D0BCFEE230046ACE5 /* readwrite.c */,
				B00053620BCFEE230046ACE5 /* inet_ntop.c */,
				B00053C80BCFEE230046ACE5 /* apr_fnmatch.c */,
				B00052F10BCFEE230046ACE5 /* proc_mutex.c */,
				B00053980BCFEE230046ACE5 /* port.c */,
				B000523A0BCFEE230046ACE5 /* pipe.c */,
				B00052220BCFEE230046ACE5 /* filedup.c */,
				B00053DB0BCFEE230046ACE5 /* waitio.c */,
				B00053D40BCFEE230046ACE5 /* apr_strtok.c */,
				B00053080BCFEE230046ACE5 /* apr_pools.c */,
			);
			name = Source;
			sourceTree = "<group>";
		};
		1AB674ADFE9D54B511CA2CBB /* Products */ = {
			isa = PBXGroup;
			children = (
				D2AAC046055464E500DB518D /* libapr-1.2.12.a */,
			);
			name = Products;
			sourceTree = "<group>";
		};
		C6A0FF2B0290797F04C91782 /* Documentation */ = {
			isa = PBXGroup;
			children = (
			);
			name = Documentation;
			sourceTree = "<group>";
		};
/* End PBXGroup section */

/* Begin PBXHeadersBuildPhase section */
		D2AAC043055464E500DB518D /* Headers */ = {
			isa = PBXHeadersBuildPhase;
			buildActionMask = 2147483647;
			files = (
				B0BFAB7A0BCFF87300251D1F /* apr_proc_mutex.h in Headers */,
				B0BFAB7B0BCFF87300251D1F /* sha2.h in Headers */,
				B0BFAB7C0BCFF87300251D1F /* apr_hash.h in Headers */,
				B0BFAB7D0BCFF87300251D1F /* apr_arch_networkio.h in Headers */,
				B0BFAB7E0BCFF87300251D1F /* apr_network_io.h in Headers */,
				B0BFAB7F0BCFF87300251D1F /* apr_arch_inherit.h in Headers */,
				B0BFAB800BCFF87300251D1F /* apr_thread_proc.h in Headers */,
				B0BFAB810BCFF87300251D1F /* apr_getopt.h in Headers */,
				B0BFAB820BCFF87300251D1F /* apr_thread_rwlock.h in Headers */,
				B0BFAB830BCFF87300251D1F /* apr_version.h in Headers */,
				B0BFAB840BCFF87300251D1F /* apr_thread_cond.h in Headers */,
				B0BFAB850BCFF87300251D1F /* apr_file_info.h in Headers */,
				B0BFAB860BCFF87300251D1F /* apr.h in Headers */,
				B0BFAB870BCFF87300251D1F /* apr_atomic.h in Headers */,
				B0BFAB880BCFF87300251D1F /* apr_fnmatch.h in Headers */,
				B0BFAB890BCFF87300251D1F /* apr_arch_proc_mutex.h in Headers */,
				B0BFAB8A0BCFF87300251D1F /* apr_inherit.h in Headers */,
				B0BFAB8B0BCFF87300251D1F /* apr_strings.h in Headers */,
				B0BFAB8C0BCFF87300251D1F /* apr_private_common.h in Headers */,
				B0BFAB8D0BCFF87300251D1F /* apr_signal.h in Headers */,
				B0BFAB8E0BCFF87300251D1F /* apr_random.h in Headers */,
				B0BFAB8F0BCFF87300251D1F /* apr_arch_global_mutex.h in Headers */,
				B0BFAB900BCFF87300251D1F /* apr_file_io.h in Headers */,
				B0BFAB910BCFF87300251D1F /* apr_poll.h in Headers */,
				B0BFAB920BCFF87300251D1F /* apr_errno.h in Headers */,
				B0BFAB930BCFF87300251D1F /* apr_dso.h in Headers */,
				B0BFAB940BCFF87300251D1F /* apr_portable.h in Headers */,
				B0BFAB950BCFF87300251D1F /* apr_allocator.h in Headers */,
				B0BFAB960BCFF87300251D1F /* apr_time.h in Headers */,
				B0BFAB970BCFF87300251D1F /* apr_arch_threadproc.h in Headers */,
				B0BFAB980BCFF87300251D1F /* apr_lib.h in Headers */,
				B0BFAB990BCFF87300251D1F /* apr_user.h in Headers */,
				B0BFAB9A0BCFF87300251D1F /* apr_arch_misc.h in Headers */,
				B0BFAB9B0BCFF87300251D1F /* apr_private.h in Headers */,
				B0BFAB9C0BCFF87300251D1F /* apr_env.h in Headers */,
				B0BFAB9D0BCFF87300251D1F /* apr_arch_thread_mutex.h in Headers */,
				B0BFAB9E0BCFF87300251D1F /* apr_shm.h in Headers */,
				B0BFAB9F0BCFF87300251D1F /* apr_general.h in Headers */,
				B0BFABA00BCFF87300251D1F /* apr_support.h in Headers */,
				B0BFABA10BCFF87300251D1F /* apr_thread_mutex.h in Headers */,
				B0BFABA20BCFF87300251D1F /* apr_pools.h in Headers */,
				B0BFABA30BCFF87300251D1F /* apr_arch_thread_rwlock.h in Headers */,
				B0BFABA40BCFF87300251D1F /* apr_tables.h in Headers */,
				B0BFABA50BCFF87300251D1F /* apr_global_mutex.h in Headers */,
				B0BFABA60BCFF87300251D1F /* apr_arch_shm.h in Headers */,
				B0BFABA70BCFF87300251D1F /* apr_arch_file_io.h in Headers */,
				B0BFABA80BCFF87300251D1F /* apr_mmap.h in Headers */,
				B0BFABA90BCFF87300251D1F /* apr_want.h in Headers */,
				B0BFABAA0BCFF87300251D1F /* apr_arch_dso.h in Headers */,
				B0BFABAB0BCFF87300251D1F /* apr_arch_poll_private.h in Headers */,
				B0BFABAC0BCFF87300251D1F /* apr_arch_thread_cond.h in Headers */,
				B0BFABAD0BCFF87300251D1F /* apr_ring.h in Headers */,
				B0BFABAE0BCFF87300251D1F /* apr_arch_internal_time.h in Headers */,
			);
			runOnlyForDeploymentPostprocessing = 0;
		};
/* End PBXHeadersBuildPhase section */

/* Begin PBXNativeTarget section */
		D2AAC045055464E500DB518D /* apr-1.2.12 */ = {
			isa = PBXNativeTarget;
			buildConfigurationList = 1DEB91EB08733DB70010E9CD /* Build configuration list for PBXNativeTarget "apr-1.2.12" */;
			buildPhases = (
				D2AAC043055464E500DB518D /* Headers */,
				D2AAC044055464E500DB518D /* Sources */,
				D289987405E68DCB004EDB86 /* Frameworks */,
			);
			buildRules = (
			);
			dependencies = (
			);
			name = "apr-1.2.12";
			productName = "apr-1.2.12";
			productReference = D2AAC046055464E500DB518D /* libapr-1.2.12.a */;
			productType = "com.apple.product-type.library.static";
		};
/* End PBXNativeTarget section */

/* Begin PBXProject section */
		08FB7793FE84155DC02AAC07 /* Project object */ = {
			isa = PBXProject;
			buildConfigurationList = 1DEB91EF08733DB70010E9CD /* Build configuration list for PBXProject "apr-1.2.12" */;
			compatibilityVersion = "Xcode 3.1";
			developmentRegion = English;
			hasScannedForEncodings = 1;
			knownRegions = (
				English,
				Japanese,
				French,
				German,
			);
			mainGroup = 08FB7794FE84155DC02AAC07 /* apr-1.2.12 */;
			projectDirPath = "";
			projectRoot = "";
			targets = (
				D2AAC045055464E500DB518D /* apr-1.2.12 */,
			);
		};
/* End PBXProject section */

/* Begin PBXSourcesBuildPhase section */
		D2AAC044055464E500DB518D /* Sources */ = {
			isa = PBXSourcesBuildPhase;
			buildActionMask = 2147483647;
			files = (
				B000549B0BCFEE240046ACE5 /* apr_atomic.c in Sources */,
				B00054AA0BCFEE240046ACE5 /* dso.c in Sources */,
				B00054D60BCFEE240046ACE5 /* copy.c in Sources */,
				B00054D80BCFEE240046ACE5 /* dir.c in Sources */,
				B00054DA0BCFEE240046ACE5 /* fileacc.c in Sources */,
				B00054DC0BCFEE240046ACE5 /* filedup.c in Sources */,
				B00054DE0BCFEE240046ACE5 /* filepath.c in Sources */,
				B00054E00BCFEE240046ACE5 /* filepath_util.c in Sources */,
				B00054E20BCFEE240046ACE5 /* filestat.c in Sources */,
				B00054E40BCFEE240046ACE5 /* flock.c in Sources */,
				B00054E60BCFEE240046ACE5 /* fullrw.c in Sources */,
				B00054E80BCFEE240046ACE5 /* mktemp.c in Sources */,
				B00054EA0BCFEE240046ACE5 /* open.c in Sources */,
				B00054EC0BCFEE240046ACE5 /* pipe.c in Sources */,
				B00054EE0BCFEE240046ACE5 /* readwrite.c in Sources */,
				B00054F00BCFEE240046ACE5 /* seek.c in Sources */,
				B00054F20BCFEE240046ACE5 /* tempdir.c in Sources */,
				B000556F0BCFEE240046ACE5 /* global_mutex.c in Sources */,
				B00055710BCFEE240046ACE5 /* proc_mutex.c in Sources */,
				B00055730BCFEE240046ACE5 /* thread_cond.c in Sources */,
				B00055750BCFEE240046ACE5 /* thread_mutex.c in Sources */,
				B00055770BCFEE240046ACE5 /* thread_rwlock.c in Sources */,
				B000557F0BCFEE240046ACE5 /* apr_pools.c in Sources */,
				B000558D0BCFEE240046ACE5 /* charset.c in Sources */,
				B000558F0BCFEE240046ACE5 /* env.c in Sources */,
				B00055910BCFEE240046ACE5 /* errorcodes.c in Sources */,
				B00055930BCFEE240046ACE5 /* getopt.c in Sources */,
				B00055950BCFEE240046ACE5 /* otherchild.c in Sources */,
				B00055970BCFEE240046ACE5 /* rand.c in Sources */,
				B000559A0BCFEE240046ACE5 /* start.c in Sources */,
				B000559C0BCFEE240046ACE5 /* version.c in Sources */,
				B00055A80BCFEE240046ACE5 /* common.c in Sources */,
				B00055AA0BCFEE240046ACE5 /* mmap.c in Sources */,
				B00055BE0BCFEE240046ACE5 /* inet_ntop.c in Sources */,
				B00055C00BCFEE240046ACE5 /* inet_pton.c in Sources */,
				B00055C20BCFEE240046ACE5 /* multicast.c in Sources */,
				B00055C40BCFEE240046ACE5 /* sendrecv.c in Sources */,
				B00055C60BCFEE240046ACE5 /* sockaddr.c in Sources */,
				B00055C80BCFEE240046ACE5 /* sockets.c in Sources */,
				B00055CA0BCFEE240046ACE5 /* sockopt.c in Sources */,
				B00055D00BCFEE240046ACE5 /* apr_getpass.c in Sources */,
				B00055D90BCFEE240046ACE5 /* epoll.c in Sources */,
				B00055DB0BCFEE240046ACE5 /* kqueue.c in Sources */,
				B00055DD0BCFEE240046ACE5 /* poll.c in Sources */,
				B00055DF0BCFEE240046ACE5 /* port.c in Sources */,
				B00055E10BCFEE240046ACE5 /* select.c in Sources */,
				B00055E60BCFEE240046ACE5 /* apr_random.c in Sources */,
				B00055E80BCFEE240046ACE5 /* sha2.c in Sources */,
				B00055EB0BCFEE240046ACE5 /* sha2_glue.c in Sources */,
				B00055F00BCFEE240046ACE5 /* shm.c in Sources */,
				B00055F90BCFEE240046ACE5 /* apr_cpystrn.c in Sources */,
				B00055FB0BCFEE240046ACE5 /* apr_fnmatch.c in Sources */,
				B00055FD0BCFEE240046ACE5 /* apr_snprintf.c in Sources */,
				B00055FF0BCFEE240046ACE5 /* apr_strings.c in Sources */,
				B00056010BCFEE240046ACE5 /* apr_strnatcmp.c in Sources */,
				B00056030BCFEE240046ACE5 /* apr_strtok.c in Sources */,
				B00056060BCFEE240046ACE5 /* waitio.c in Sources */,
				B000560A0BCFEE240046ACE5 /* apr_hash.c in Sources */,
				B000560C0BCFEE240046ACE5 /* apr_tables.c in Sources */,
				B00056660BCFEE240046ACE5 /* proc.c in Sources */,
				B00056680BCFEE240046ACE5 /* procsup.c in Sources */,
				B000566A0BCFEE240046ACE5 /* signals.c in Sources */,
				B000566C0BCFEE240046ACE5 /* thread.c in Sources */,
				B000566E0BCFEE240046ACE5 /* threadpriv.c in Sources */,
				B00056760BCFEE240046ACE5 /* time.c in Sources */,
				B00056780BCFEE240046ACE5 /* timestr.c in Sources */,
				B00056810BCFEE240046ACE5 /* groupinfo.c in Sources */,
				B00056830BCFEE240046ACE5 /* userinfo.c in Sources */,
			);
			runOnlyForDeploymentPostprocessing = 0;
		};
/* End PBXSourcesBuildPhase section */

/* Begin XCBuildConfiguration section */
		1DEB91EC08733DB70010E9CD /* Debug */ = {
			isa = XCBuildConfiguration;
			buildSettings = {
				LIBRARY_SEARCH_PATHS = (
					"$(inherited)",
					"$(LIBRARY_SEARCH_PATHS_QUOTED_1)",
				);
				LIBRARY_SEARCH_PATHS_QUOTED_1 = "\"$(SRCROOT)/.libs\"";
				PRODUCT_NAME = "apr-1.2.12";
			};
			name = Debug;
		};
		1DEB91ED08733DB70010E9CD /* Release */ = {
			isa = XCBuildConfiguration;
			buildSettings = {
				LIBRARY_SEARCH_PATHS = (
					"$(inherited)",
					"$(LIBRARY_SEARCH_PATHS_QUOTED_1)",
				);
				LIBRARY_SEARCH_PATHS_QUOTED_1 = "\"$(SRCROOT)/.libs\"";
				PRODUCT_NAME = "apr-1.2.12";
			};
			name = Release;
		};
		1DEB91F008733DB70010E9CD /* Debug */ = {
			isa = XCBuildConfiguration;
			baseConfigurationReference = D720CB920D9813D0003AE8EC /* MacConfigExternalDebug.xcconfig */;
			buildSettings = {
				GCC_INLINES_ARE_PRIVATE_EXTERN = YES;
				GCC_SYMBOLS_PRIVATE_EXTERN = YES;
				OTHER_CFLAGS = (
					"$(inherited)",
					"-DHAVE_CONFIG_H",
					"-DDARWIN",
					"-DSIGPROCMASK_SETS_THREAD_MASK",
					"-no-cpp-precomp",
				);
				PREBINDING = NO;
			};
			name = Debug;
		};
		1DEB91F108733DB70010E9CD /* Release */ = {
			isa = XCBuildConfiguration;
			baseConfigurationReference = D720CB930D9813D0003AE8EC /* MacConfigExternalRelease.xcconfig */;
			buildSettings = {
				GCC_INLINES_ARE_PRIVATE_EXTERN = YES;
				GCC_SYMBOLS_PRIVATE_EXTERN = YES;
				OTHER_CFLAGS = (
					"$(inherited)",
					"-DHAVE_CONFIG_H",
					"-DDARWIN",
					"-DSIGPROCMASK_SETS_THREAD_MASK",
					"-no-cpp-precomp",
				);
				PREBINDING = NO;
			};
			name = Release;
		};
/* End XCBuildConfiguration section */

/* Begin XCConfigurationList section */
		1DEB91EB08733DB70010E9CD /* Build configuration list for PBXNativeTarget "apr-1.2.12" */ = {
			isa = XCConfigurationList;
			buildConfigurations = (
				1DEB91EC08733DB70010E9CD /* Debug */,
				1DEB91ED08733DB70010E9CD /* Release */,
			);
			defaultConfigurationIsVisible = 0;
			defaultConfigurationName = Release;
		};
		1DEB91EF08733DB70010E9CD /* Build configuration list for PBXProject "apr-1.2.12" */ = {
			isa = XCConfigurationList;
			buildConfigurations = (
				1DEB91F008733DB70010E9CD /* Debug */,
				1DEB91F108733DB70010E9CD /* Release */,
			);
			defaultConfigurationIsVisible = 0;
			defaultConfigurationName = Release;
		};
/* End XCConfigurationList section */
	};
	rootObject = 08FB7793FE84155DC02AAC07 /* Project object */;
}
